
Microsoft Visual Studio Solution File, Format Version 12.00
Project("{FAE04EC0-301F-11D3-BF4B-00C04F79EFBC}") = "thi_AP", "thi_AP\thi_AP.csproj", "{EB0B84FC-D948-4E08-B84D-B6D6BE479C0A}"
EndProject
Global
	GlobalSection(SolutionConfigurationPlatforms) = preSolution
		Debug|Any CPU = Debug|Any CPU
		Release|Any CPU = Release|Any CPU
	EndGlobalSection
	GlobalSection(ProjectConfigurationPlatforms) = postSolution
		{EB0B84FC-D948-4E08-B84D-B6D6BE479C0A}.Debug|Any CPU.ActiveCfg = Debug|Any CPU
		{EB0B84FC-D948-4E08-B84D-B6D6BE479C0A}.Debug|Any CPU.Build.0 = Debug|Any CPU
		{EB0B84FC-D948-4E08-B84D-B6D6BE479C0A}.Release|Any CPU.ActiveCfg = Release|Any CPU
		{EB0B84FC-D948-4E08-B84D-B6D6BE479C0A}.Release|Any CPU.Build.0 = Release|Any CPU
	EndGlobalSection
EndGlobal
